
Microsoft Visual Studio Solution File, Format Version 12.00
# Visual Studio Version 17
VisualStudioVersion = 17.5.33414.496
MinimumVisualStudioVersion = 10.0.40219.1
Project("{9A19103F-16F7-4668-BE54-9A1E7A4F7556}") = "Modelos", "Modelos\Modelos.csproj", "{36981CAD-E19D-407C-B9C0-67FF2C60D620}"
EndProject
Project("{9A19103F-16F7-4668-BE54-9A1E7A4F7556}") = "Datos", "Datos\Datos.csproj", "{540D91E1-9181-4BAA-8EEF-C0876ED948AE}"
EndProject
Project("{9A19103F-16F7-4668-BE54-9A1E7A4F7556}") = "Blazor", "Blazor\Blazor.csproj", "{21BE0685-2052-490F-A35C-5BF2C2AA0347}"
EndProject
Global
	GlobalSection(SolutionConfigurationPlatforms) = preSolution
		Debug|Any CPU = Debug|Any CPU
		Release|Any CPU = Release|Any CPU
	EndGlobalSection
	GlobalSection(ProjectConfigurationPlatforms) = postSolution
		{36981CAD-E19D-407C-B9C0-67FF2C60D620}.Debug|Any CPU.ActiveCfg = Debug|Any CPU
		{36981CAD-E19D-407C-B9C0-67FF2C60D620}.Debug|Any CPU.Build.0 = Debug|Any CPU
		{36981CAD-E19D-407C-B9C0-67FF2C60D620}.Release|Any CPU.ActiveCfg = Release|Any CPU
		{36981CAD-E19D-407C-B9C0-67FF2C60D620}.Release|Any CPU.Build.0 = Release|Any CPU
		{540D91E1-9181-4BAA-8EEF-C0876ED948AE}.Debug|Any CPU.ActiveCfg = Debug|Any CPU
		{540D91E1-9181-4BAA-8EEF-C0876ED948AE}.Debug|Any CPU.Build.0 = Debug|Any CPU
		{540D91E1-9181-4BAA-8EEF-C0876ED948AE}.Release|Any CPU.ActiveCfg = Release|Any CPU
		{540D91E1-9181-4BAA-8EEF-C0876ED948AE}.Release|Any CPU.Build.0 = Release|Any CPU
		{21BE0685-2052-490F-A35C-5BF2C2AA0347}.Debug|Any CPU.ActiveCfg = Debug|Any CPU
		{21BE0685-2052-490F-A35C-5BF2C2AA0347}.Debug|Any CPU.Build.0 = Debug|Any CPU
		{21BE0685-2052-490F-A35C-5BF2C2AA0347}.Release|Any CPU.ActiveCfg = Release|Any CPU
		{21BE0685-2052-490F-A35C-5BF2C2AA0347}.Release|Any CPU.Build.0 = Release|Any CPU
	EndGlobalSection
	GlobalSection(SolutionProperties) = preSolution
		HideSolutionNode = FALSE
	EndGlobalSection
	GlobalSection(ExtensibilityGlobals) = postSolution
		SolutionGuid = {11634223-50D8-4BD1-90F7-1BF62D33092B}
	EndGlobalSection
EndGlobal
